
Microsoft Visual Studio Solution File, Format Version 12.00
# Visual Studio Version 17
VisualStudioVersion = 17.13.35825.156
MinimumVisualStudioVersion = 10.0.40219.1
Project("{FAE04EC0-301F-11D3-BF4B-00C04F79EFBC}") = "Knapsack", "knapsack_problem\Knapsack.csproj", "{6B30BA3E-0273-4AAE-84E2-A5C3E39FF516}"
EndProject
Project("{FAE04EC0-301F-11D3-BF4B-00C04F79EFBC}") = "UnitTests", "UnitTest\UnitTests.csproj", "{9A738ACE-DE04-4709-9CB9-C0A1159C0F0E}"
EndProject
Project("{FAE04EC0-301F-11D3-BF4B-00C04F79EFBC}") = "GUI", "GUI\GUI.csproj", "{26E1C83F-787B-458B-B328-2EA5E0835379}"
EndProject
Global
	GlobalSection(SolutionConfigurationPlatforms) = preSolution
		Debug|Any CPU = Debug|Any CPU
		Release|Any CPU = Release|Any CPU
	EndGlobalSection
	GlobalSection(ProjectConfigurationPlatforms) = postSolution
		{6B30BA3E-0273-4AAE-84E2-A5C3E39FF516}.Debug|Any CPU.ActiveCfg = Debug|Any CPU
		{6B30BA3E-0273-4AAE-84E2-A5C3E39FF516}.Debug|Any CPU.Build.0 = Debug|Any CPU
		{6B30BA3E-0273-4AAE-84E2-A5C3E39FF516}.Release|Any CPU.ActiveCfg = Release|Any CPU
		{6B30BA3E-0273-4AAE-84E2-A5C3E39FF516}.Release|Any CPU.Build.0 = Release|Any CPU
		{9A738ACE-DE04-4709-9CB9-C0A1159C0F0E}.Debug|Any CPU.ActiveCfg = Debug|Any CPU
		{9A738ACE-DE04-4709-9CB9-C0A1159C0F0E}.Debug|Any CPU.Build.0 = Debug|Any CPU
		{9A738ACE-DE04-4709-9CB9-C0A1159C0F0E}.Release|Any CPU.ActiveCfg = Release|Any CPU
		{9A738ACE-DE04-4709-9CB9-C0A1159C0F0E}.Release|Any CPU.Build.0 = Release|Any CPU
		{26E1C83F-787B-458B-B328-2EA5E0835379}.Debug|Any CPU.ActiveCfg = Debug|Any CPU
		{26E1C83F-787B-458B-B328-2EA5E0835379}.Debug|Any CPU.Build.0 = Debug|Any CPU
		{26E1C83F-787B-458B-B328-2EA5E0835379}.Release|Any CPU.ActiveCfg = Release|Any CPU
		{26E1C83F-787B-458B-B328-2EA5E0835379}.Release|Any CPU.Build.0 = Release|Any CPU
	EndGlobalSection
	GlobalSection(SolutionProperties) = preSolution
		HideSolutionNode = FALSE
	EndGlobalSection
	GlobalSection(ExtensibilityGlobals) = postSolution
		SolutionGuid = {906C05DC-8B6D-4140-A602-156EB3BF4E56}
	EndGlobalSection
EndGlobal
